PODS:
  - JAHJRTC (0.1.0):
    - KissXML
  - KissXML (5.2.0)

DEPENDENCIES:
  - JAHJRTC (from `../`)

EXTERNAL SOURCES:
  JAHJRTC:
    :path: ../

SPEC CHECKSUMS:
  JAHJRTC: a9e205beb8178bab0fc72ebabb977393c21a86d7
  KissXML: 1c1eeeb6b94e4522cd2f2373e5d0d03c9227738f

PODFILE CHECKSUM: 3c0e5092655b79af7b8eead6f70675c4486de41a

COCOAPODS: 1.2.1
